
Microsoft Visual Studio Solution File, Format Version 12.00
# Visual Studio Version 16
VisualStudioVersion = 16.0.30517.126
MinimumVisualStudioVersion = 10.0.40219.1
Project("{9A19103F-16F7-4668-BE54-9A1E7A4F7556}") = "MatchSerializer", "MatchSerializer\MatchSerializer.csproj", "{076C997C-979D-4414-9A22-EB14FC5137BF}"
EndProject
Project("{9A19103F-16F7-4668-BE54-9A1E7A4F7556}") = "StartupDebug", "StartupDebug\StartupDebug.csproj", "{2B1B7F35-E155-402B-965D-8989FA7F9623}"
EndProject
Project("{9A19103F-16F7-4668-BE54-9A1E7A4F7556}") = "ChampionDataParser", "ChampionDataParser\ChampionDataParser.csproj", "{ABFE12B3-F781-4665-826B-B0B9039CE233}"
EndProject
Project("{9A19103F-16F7-4668-BE54-9A1E7A4F7556}") = "LoLPredictorWeb", "LoLPredictorWeb\LoLPredictorWeb.csproj", "{F6CBD8BA-2498-466D-A855-A6549B8C60B8}"
EndProject
Project("{FAE04EC0-301F-11D3-BF4B-00C04F79EFBC}") = "MachineLearningModel", "MachineLearningModel\MachineLearningModel.csproj", "{27803C0D-D3AD-4D4D-9E71-9BC6457197B1}"
EndProject
Global
	GlobalSection(SolutionConfigurationPlatforms) = preSolution
		Debug|Any CPU = Debug|Any CPU
		Release|Any CPU = Release|Any CPU
	EndGlobalSection
	GlobalSection(ProjectConfigurationPlatforms) = postSolution
		{076C997C-979D-4414-9A22-EB14FC5137BF}.Debug|Any CPU.ActiveCfg = Debug|Any CPU
		{076C997C-979D-4414-9A22-EB14FC5137BF}.Debug|Any CPU.Build.0 = Debug|Any CPU
		{076C997C-979D-4414-9A22-EB14FC5137BF}.Release|Any CPU.ActiveCfg = Release|Any CPU
		{076C997C-979D-4414-9A22-EB14FC5137BF}.Release|Any CPU.Build.0 = Release|Any CPU
		{2B1B7F35-E155-402B-965D-8989FA7F9623}.Debug|Any CPU.ActiveCfg = Debug|Any CPU
		{2B1B7F35-E155-402B-965D-8989FA7F9623}.Debug|Any CPU.Build.0 = Debug|Any CPU
		{2B1B7F35-E155-402B-965D-8989FA7F9623}.Release|Any CPU.ActiveCfg = Release|Any CPU
		{2B1B7F35-E155-402B-965D-8989FA7F9623}.Release|Any CPU.Build.0 = Release|Any CPU
		{ABFE12B3-F781-4665-826B-B0B9039CE233}.Debug|Any CPU.ActiveCfg = Debug|Any CPU
		{ABFE12B3-F781-4665-826B-B0B9039CE233}.Debug|Any CPU.Build.0 = Debug|Any CPU
		{ABFE12B3-F781-4665-826B-B0B9039CE233}.Release|Any CPU.ActiveCfg = Release|Any CPU
		{ABFE12B3-F781-4665-826B-B0B9039CE233}.Release|Any CPU.Build.0 = Release|Any CPU
		{F6CBD8BA-2498-466D-A855-A6549B8C60B8}.Debug|Any CPU.ActiveCfg = Debug|Any CPU
		{F6CBD8BA-2498-466D-A855-A6549B8C60B8}.Debug|Any CPU.Build.0 = Debug|Any CPU
		{F6CBD8BA-2498-466D-A855-A6549B8C60B8}.Release|Any CPU.ActiveCfg = Release|Any CPU
		{F6CBD8BA-2498-466D-A855-A6549B8C60B8}.Release|Any CPU.Build.0 = Release|Any CPU
		{27803C0D-D3AD-4D4D-9E71-9BC6457197B1}.Debug|Any CPU.ActiveCfg = Debug|Any CPU
		{27803C0D-D3AD-4D4D-9E71-9BC6457197B1}.Debug|Any CPU.Build.0 = Debug|Any CPU
		{27803C0D-D3AD-4D4D-9E71-9BC6457197B1}.Release|Any CPU.ActiveCfg = Release|Any CPU
		{27803C0D-D3AD-4D4D-9E71-9BC6457197B1}.Release|Any CPU.Build.0 = Release|Any CPU
	EndGlobalSection
	GlobalSection(SolutionProperties) = preSolution
		HideSolutionNode = FALSE
	EndGlobalSection
	GlobalSection(ExtensibilityGlobals) = postSolution
		SolutionGuid = {58C1A222-242A-4FA1-91F6-C2F6997F42E3}
	EndGlobalSection
EndGlobal
